
Microsoft Visual Studio Solution File, Format Version 12.00
# Visual Studio Version 17
VisualStudioVersion = 17.14.36414.22 d17.14
MinimumVisualStudioVersion = 10.0.40219.1
Project("{FAE04EC0-301F-11D3-BF4B-00C04F79EFBC}") = "SD3X1", "SD3X1.csproj", "{8CA067D7-C635-4B19-8B42-909345349FCE}"
EndProject
Global
	GlobalSection(SolutionConfigurationPlatforms) = preSolution
		Debug|Any CPU = Debug|Any CPU
		Release|Any CPU = Release|Any CPU
	EndGlobalSection
	GlobalSection(ProjectConfigurationPlatforms) = postSolution
		{8CA067D7-C635-4B19-8B42-909345349FCE}.Debug|Any CPU.ActiveCfg = Debug|Any CPU
		{8CA067D7-C635-4B19-8B42-909345349FCE}.Debug|Any CPU.Build.0 = Debug|Any CPU
		{8CA067D7-C635-4B19-8B42-909345349FCE}.Release|Any CPU.ActiveCfg = Release|Any CPU
		{8CA067D7-C635-4B19-8B42-909345349FCE}.Release|Any CPU.Build.0 = Release|Any CPU
	EndGlobalSection
	GlobalSection(SolutionProperties) = preSolution
		HideSolutionNode = FALSE
	EndGlobalSection
	GlobalSection(ExtensibilityGlobals) = postSolution
		SolutionGuid = {2EC36CD4-3318-48B5-949E-C9E49983094A}
	EndGlobalSection
EndGlobal
